{
  "name": "wechatProgramme",
  "version": "1.0.0",
  "lockfileVersion": 1,
  "requires": true,
  "dependencies": {
    "miniprogram-table-component": {
      "version": "1.0.10",
      "resolved": "https://registry.npmjs.org/miniprogram-table-component/-/miniprogram-table-component-1.0.10.tgz",
      "integrity": "sha512-Orx054aYzvnBVrl1jjo7+Ih3IJ70Z2ej0qYRM5vIlL9iMMcbdMF1Nodhe1jvA9kkMRRPw2FyegMC7yiQHsOxmA=="
    }
  }
}
